
Microsoft Visual Studio Solution File, Format Version 12.00
# Visual Studio Version 17
VisualStudioVersion = 17.7.34202.233
MinimumVisualStudioVersion = 10.0.40219.1
Project("{FAE04EC0-301F-11D3-BF4B-00C04F79EFBC}") = "TranslationsWebApplication", "TranslationsWebApplication\TranslationsWebApplication.csproj", "{6263274F-680A-4306-8B11-50CD9E97775A}"
EndProject
Global
	GlobalSection(SolutionConfigurationPlatforms) = preSolution
		Debug|Any CPU = Debug|Any CPU
		Release|Any CPU = Release|Any CPU
	EndGlobalSection
	GlobalSection(ProjectConfigurationPlatforms) = postSolution
		{6263274F-680A-4306-8B11-50CD9E97775A}.Debug|Any CPU.ActiveCfg = Debug|Any CPU
		{6263274F-680A-4306-8B11-50CD9E97775A}.Debug|Any CPU.Build.0 = Debug|Any CPU
		{6263274F-680A-4306-8B11-50CD9E97775A}.Release|Any CPU.ActiveCfg = Release|Any CPU
		{6263274F-680A-4306-8B11-50CD9E97775A}.Release|Any CPU.Build.0 = Release|Any CPU
	EndGlobalSection
	GlobalSection(SolutionProperties) = preSolution
		HideSolutionNode = FALSE
	EndGlobalSection
	GlobalSection(ExtensibilityGlobals) = postSolution
		SolutionGuid = {34C47FE6-4A09-400C-A713-D368C8E18CD7}
	EndGlobalSection
EndGlobal
